
Microsoft Visual Studio Solution File, Format Version 12.00
# Visual Studio Version 17
VisualStudioVersion = 17.8.34330.188
MinimumVisualStudioVersion = 10.0.40219.1
Project("{9A19103F-16F7-4668-BE54-9A1E7A4F7556}") = "NATSInternal", "NATSInternal\NATSInternal.csproj", "{8393D987-FDC6-469F-B5B2-5EC34BF94D67}"
EndProject
Project("{FAE04EC0-301F-11D3-BF4B-00C04F79EFBC}") = "NATSInternalBlazor", "..\NATSInternalBlazor\NATSInternalBlazor.csproj", "{3D7B1A11-DE31-4AE3-A818-DC022F56E6AE}"
EndProject
Project("{FAE04EC0-301F-11D3-BF4B-00C04F79EFBC}") = "NATSInternalDomain", "..\NATSInternalDomain\NATSInternalDomain.csproj", "{4B28F68B-FEDD-4740-B61C-193FF9A7E71D}"
EndProject
Global
	GlobalSection(SolutionConfigurationPlatforms) = preSolution
		Debug|Any CPU = Debug|Any CPU
		Release|Any CPU = Release|Any CPU
	EndGlobalSection
	GlobalSection(ProjectConfigurationPlatforms) = postSolution
		{8393D987-FDC6-469F-B5B2-5EC34BF94D67}.Debug|Any CPU.ActiveCfg = Debug|Any CPU
		{8393D987-FDC6-469F-B5B2-5EC34BF94D67}.Debug|Any CPU.Build.0 = Debug|Any CPU
		{8393D987-FDC6-469F-B5B2-5EC34BF94D67}.Release|Any CPU.ActiveCfg = Release|Any CPU
		{8393D987-FDC6-469F-B5B2-5EC34BF94D67}.Release|Any CPU.Build.0 = Release|Any CPU
		{3D7B1A11-DE31-4AE3-A818-DC022F56E6AE}.Debug|Any CPU.ActiveCfg = Debug|Any CPU
		{3D7B1A11-DE31-4AE3-A818-DC022F56E6AE}.Debug|Any CPU.Build.0 = Debug|Any CPU
		{3D7B1A11-DE31-4AE3-A818-DC022F56E6AE}.Release|Any CPU.ActiveCfg = Release|Any CPU
		{3D7B1A11-DE31-4AE3-A818-DC022F56E6AE}.Release|Any CPU.Build.0 = Release|Any CPU
		{4B28F68B-FEDD-4740-B61C-193FF9A7E71D}.Debug|Any CPU.ActiveCfg = Debug|Any CPU
		{4B28F68B-FEDD-4740-B61C-193FF9A7E71D}.Debug|Any CPU.Build.0 = Debug|Any CPU
		{4B28F68B-FEDD-4740-B61C-193FF9A7E71D}.Release|Any CPU.ActiveCfg = Release|Any CPU
		{4B28F68B-FEDD-4740-B61C-193FF9A7E71D}.Release|Any CPU.Build.0 = Release|Any CPU
	EndGlobalSection
	GlobalSection(SolutionProperties) = preSolution
		HideSolutionNode = FALSE
	EndGlobalSection
	GlobalSection(ExtensibilityGlobals) = postSolution
		SolutionGuid = {7086BAF2-90A0-4691-8D07-FF14EAB59FC9}
	EndGlobalSection
EndGlobal
